
Microsoft Visual Studio Solution File, Format Version 12.00
# Visual Studio Version 17
VisualStudioVersion = 17.5.002.0
MinimumVisualStudioVersion = 10.0.40219.1
Project("{9A19103F-16F7-4668-BE54-9A1E7A4F7556}") = "BlazorGenAI", "BlazorGenAI.csproj", "{A006B6F6-0C39-4F17-9224-3332C4B89939}"
EndProject
Global
	GlobalSection(SolutionConfigurationPlatforms) = preSolution
		Debug|Any CPU = Debug|Any CPU
		Release|Any CPU = Release|Any CPU
	EndGlobalSection
	GlobalSection(ProjectConfigurationPlatforms) = postSolution
		{A006B6F6-0C39-4F17-9224-3332C4B89939}.Debug|Any CPU.ActiveCfg = Debug|Any CPU
		{A006B6F6-0C39-4F17-9224-3332C4B89939}.Debug|Any CPU.Build.0 = Debug|Any CPU
		{A006B6F6-0C39-4F17-9224-3332C4B89939}.Release|Any CPU.ActiveCfg = Release|Any CPU
		{A006B6F6-0C39-4F17-9224-3332C4B89939}.Release|Any CPU.Build.0 = Release|Any CPU
	EndGlobalSection
	GlobalSection(SolutionProperties) = preSolution
		HideSolutionNode = FALSE
	EndGlobalSection
	GlobalSection(ExtensibilityGlobals) = postSolution
		SolutionGuid = {2819A276-4405-44ED-8E6F-F971DF42968C}
	EndGlobalSection
EndGlobal
